
Microsoft Visual Studio Solution File, Format Version 12.00
# Visual Studio Version 17
VisualStudioVersion = 17.13.35931.197
MinimumVisualStudioVersion = 10.0.40219.1
Project("{FAE04EC0-301F-11D3-BF4B-00C04F79EFBC}") = "qSmartWebDashboard", "qSmartWebDashboard\qSmartWebDashboard.csproj", "{718747DF-813B-495F-82B6-D96A3EB65E86}"
EndProject
Project("{FAE04EC0-301F-11D3-BF4B-00C04F79EFBC}") = "QSmartBackend", "..\QSmart\QSmartBackend\QSmartBackend.csproj", "{3561573D-95B4-C652-0504-CE7420682ED0}"
EndProject
Global
	GlobalSection(SolutionConfigurationPlatforms) = preSolution
		Debug|Any CPU = Debug|Any CPU
		Release|Any CPU = Release|Any CPU
	EndGlobalSection
	GlobalSection(ProjectConfigurationPlatforms) = postSolution
		{718747DF-813B-495F-82B6-D96A3EB65E86}.Debug|Any CPU.ActiveCfg = Debug|Any CPU
		{718747DF-813B-495F-82B6-D96A3EB65E86}.Debug|Any CPU.Build.0 = Debug|Any CPU
		{718747DF-813B-495F-82B6-D96A3EB65E86}.Release|Any CPU.ActiveCfg = Release|Any CPU
		{718747DF-813B-495F-82B6-D96A3EB65E86}.Release|Any CPU.Build.0 = Release|Any CPU
		{3561573D-95B4-C652-0504-CE7420682ED0}.Debug|Any CPU.ActiveCfg = Debug|Any CPU
		{3561573D-95B4-C652-0504-CE7420682ED0}.Debug|Any CPU.Build.0 = Debug|Any CPU
		{3561573D-95B4-C652-0504-CE7420682ED0}.Release|Any CPU.ActiveCfg = Release|Any CPU
		{3561573D-95B4-C652-0504-CE7420682ED0}.Release|Any CPU.Build.0 = Release|Any CPU
	EndGlobalSection
	GlobalSection(SolutionProperties) = preSolution
		HideSolutionNode = FALSE
	EndGlobalSection
	GlobalSection(ExtensibilityGlobals) = postSolution
		SolutionGuid = {6DD32D17-F9C1-4855-951A-7B16B89D6ECE}
	EndGlobalSection
EndGlobal
